{
  "name": "mtls-gateway-webui",
  "lockfileVersion": 3,
  "requires": true,
  "packages": {
    "": {
      "name": "mtls-gateway-webui",
      "devDependencies": {
        "playwright-core": "^1.45.0"
      }
    },
    "../../.dsh/profiles/web/node_modules/playwright-core": {
      "version": "1.62.1",
      "dev": true,
      "license": "Apache-2.0",
      "bin": {
        "playwright-core": "cli.js"
      },
      "engines": {
        "node": ">=20"
      }
    },
    "node_modules/playwright-core": {
      "resolved": "../../.dsh/profiles/web/node_modules/playwright-core",
      "link": true
    }
  }
}
